github.com/BurntSushi/migration v0.0.0-20140125045755-c45b897f1335 h1:n8o916boOorBHMGywZ+ucvUZRLIvjt2CaY/694CgMfU=
github.com/BurntSushi/migration v0.0.0-20140125045755-c45b897f1335/go.mod h1:eVEKGm5N/F2XPdHocE3gP//Ab+rb/54WJ7XXtFGxwaQ=
github.com/BurntSushi/toml v1.0.0 h1:dtDWrepsVPfW9H/4y7dDgFc2MBUSeJhlaDtK13CxFlU=
github.com/BurntSushi/toml v1.0.0/go.mod h1:CxXYINrC8qIiEnFrOxCa7Jy5BFHlXnUU2pbicEuybxQ=
github.com/IMQS/log v1.0.2 h1:YanumvdxccSG+hY+v8VZlB3YBRZWg9N6OAulywB8TYs=
github.com/IMQS/log v1.0.2/go.mod h1:NTJ+eKRXwfBr8tRKA7/JsTKeTqHluJkuZsD7YotVj48=
github.com/davecgh/go-spew v1.1.0/go.mod h1:J7Y8YcW2NihsgmVo/mv3lAwl/skON4iLHjSsI+c5H38=
github.com/davecgh/go-spew v1.1.1 h1:vj9j/u1bqnvCEfJOwUhtlOARqs3+rkHYY13jYWTU97c=
github.com/davecgh/go-spew v1.1.1/go.mod h1:J7Y8YcW2NihsgmVo/mv3lAwl/skON4iLHjSsI+c5H38=
github.com/google/uuid v1.1.1 h1:Gkbcsh/GbpXz7lPftLA3P6TYMwjCLYm83jiFQZF/3gY=
github.com/google/uuid v1.1.1/go.mod h1:TIyPZe4MgqvfeYDBFedMoGGpEw/LqOeaOT+nhxU+yHo=
github.com/lib/pq v1.2.0 h1:LXpIM/LZ5xGFhOpXAQUIMM1HdyqzVYM13zNdjCEEcA0=
github.com/lib/pq v1.2.0/go.mod h1:5WUZQaWbwv1U+lTReE5YruASi9Al49XbQIvNi/34Woo=
github.com/mavricknz/asn1-ber v0.0.0-20151103223136-b9df1c2f4213 h1:3DongGRjJZvIFDq063tg76LKlGhA7O0TVqoPql0Zfbk=
github.com/mavricknz/asn1-ber v0.0.0-20151103223136-b9df1c2f4213/go.mod h1:v/ZufymxjcI3pnNmQIUQQKxnHLTblrjZ4MNLs5DrZ1o=
github.com/mavricknz/ldap v0.0.0-20160227184754-f5a958005e43 h1:x4SDcUPDTMzuFEdWe5lTznj1echpsd0ApTkZOdwtm7g=
github.com/mavricknz/ldap v0.0.0-20160227184754-f5a958005e43/go.mod h1:z76yvVwVulPd8FyifHe8UEHeud6XXaSan0ibi2sDy6w=
github.com/natefinch/lumberjack v2.0.0+incompatible h1:4QJd3OLAMgj7ph+yZTuX13Ld4UpgHp07nNdFX7mqFfM=
github.com/natefinch/lumberjack v2.0.0+incompatible/go.mod h1:Wi9p2TTF5DG5oU+6YfsmYQpsTIOm0B1VNzQg9Mw6nPk=
github.com/pmezard/go-difflib v1.0.0 h1:4DBwDE0NGyQoBHbLQYPwSUPoCMWR5BEzIk/f1lZbAQM=
github.com/pmezard/go-difflib v1.0.0/go.mod h1:iKH77koFhYxTK1pcRnkKkqfTogsbg7gZNVY4sRDYZ/4=
github.com/stretchr/objx v0.1.0/go.mod h1:HFkY916IF+rwdDfMAkV7OtwuqBVzrE8GR6GFx+wExME=
github.com/stretchr/objx v0.4.0/go.mod h1:YvHI0jy2hoMjB+UWwv71VJQ9isScKT/TqJzVSSt89Yw=
github.com/stretchr/objx v0.5.0/go.mod h1:Yh+to48EsGEfYuaHDzXPcE3xhTkx73EhmCGUpEOglKo=
github.com/stretchr/testify v1.7.1/go.mod h1:6Fq8oRcR53rry900zMqJjRRixrwX3KX962/h/Wwjteg=
github.com/stretchr/testify v1.8.0/go.mod h1:yNjHg4UonilssWZ8iaSj1OCr/vHnekPRkoO+kdMU+MU=
github.com/stretchr/testify v1.8.1 h1:w7B6lhMri9wdJUVmEZPGGhZzrYTPvgJArz7wNPgYKsk=
github.com/stretchr/testify v1.8.1/go.mod h1:w2LPCIKwWwSfY2zedu0+kehJoqGctiVI29o6fzry7u4=
golang.org/x/crypto v0.0.0-20220314234716-a5774263c1e0 h1:VX5DDcOISmzJbt7ej5lyL1TxQc9dHTtNcTABzu1UsTw=
golang.org/x/crypto v0.0.0-20220314234716-a5774263c1e0/go.mod h1:IxCIyHEi3zRg3s0A5j5BB6A9Jmi73HwBIUl50j+osU4=
gopkg.in/check.v1 v0.0.0-20161208181325-20d25e280405 h1:yhCVgyC4o1eVCa2tZl7eS0r+SDo693bJlVdllGtEeKM=
gopkg.in/check.v1 v0.0.0-20161208181325-20d25e280405/go.mod h1:Co6ibVJAznAaIkqp8huTwlJQCZ016jof/cbN4VW5Yz0=
gopkg.in/natefinch/lumberjack.v2 v2.0.0 h1:1Lc07Kr7qY4U2YPouBjpCLxpiyxIVoxqXgkXLknAOE8=
gopkg.in/natefinch/lumberjack.v2 v2.0.0/go.mod h1:l0ndWWf7gzL7RNwBG7wST/UCcT4T24xpD6X8LsfU/+k=
gopkg.in/yaml.v2 v2.4.0 h1:D8xgwECY7CYvx+Y2n4sBz93Jn9JRvxdiyyo8CTfuKaY=
gopkg.in/yaml.v2 v2.4.0/go.mod h1:RDklbk79AGWmwhnvt/jBztapEOGDOx6ZbXqjP6csGnQ=
gopkg.in/yaml.v3 v3.0.0-20200313102051-9f266ea9e77c/go.mod h1:K4uyk7z7BCEPqu6E+C64Yfv1cQ7kz7rIZviUmN+EgEM=
gopkg.in/yaml.v3 v3.0.1 h1:fxVm/GzAzEWqLHuvctI91KS9hhNmmWOoWu0XTYJS7CA=
gopkg.in/yaml.v3 v3.0.1/go.mod h1:K4uyk7z7BCEPqu6E+C64Yfv1cQ7kz7rIZviUmN+EgEM=
